
Microsoft Visual Studio Solution File, Format Version 12.00
Project("{FAE04EC0-301F-11D3-BF4B-00C04F79EFBC}") = "Mp3Player", "Mp3Player\Mp3Player.csproj", "{F9918B9E-5D4D-4164-8CCC-A29D00858DF3}"
EndProject
Global
	GlobalSection(SolutionConfigurationPlatforms) = preSolution
		Debug|Any CPU = Debug|Any CPU
		Release|Any CPU = Release|Any CPU
	EndGlobalSection
	GlobalSection(ProjectConfigurationPlatforms) = postSolution
		{F9918B9E-5D4D-4164-8CCC-A29D00858DF3}.Debug|Any CPU.ActiveCfg = Debug|Any CPU
		{F9918B9E-5D4D-4164-8CCC-A29D00858DF3}.Debug|Any CPU.Build.0 = Debug|Any CPU
		{F9918B9E-5D4D-4164-8CCC-A29D00858DF3}.Release|Any CPU.ActiveCfg = Release|Any CPU
		{F9918B9E-5D4D-4164-8CCC-A29D00858DF3}.Release|Any CPU.Build.0 = Release|Any CPU
	EndGlobalSection
EndGlobal
